
Microsoft Visual Studio Solution File, Format Version 12.00
# Visual Studio 15
VisualStudioVersion = 15.0.27428.2015
MinimumVisualStudioVersion = 10.0.40219.1
Project("{FAE04EC0-301F-11D3-BF4B-00C04F79EFBC}") = "ConsoleSalesforce", "ConsoleSalesforce\ConsoleSalesforce.csproj", "{FE6474D7-7F8A-4489-9A76-08661AFC49CC}"
EndProject
Global
	GlobalSection(SolutionConfigurationPlatforms) = preSolution
		Debug|Any CPU = Debug|Any CPU
		Release|Any CPU = Release|Any CPU
	EndGlobalSection
	GlobalSection(ProjectConfigurationPlatforms) = postSolution
		{FE6474D7-7F8A-4489-9A76-08661AFC49CC}.Debug|Any CPU.ActiveCfg = Debug|Any CPU
		{FE6474D7-7F8A-4489-9A76-08661AFC49CC}.Debug|Any CPU.Build.0 = Debug|Any CPU
		{FE6474D7-7F8A-4489-9A76-08661AFC49CC}.Release|Any CPU.ActiveCfg = Release|Any CPU
		{FE6474D7-7F8A-4489-9A76-08661AFC49CC}.Release|Any CPU.Build.0 = Release|Any CPU
	EndGlobalSection
	GlobalSection(SolutionProperties) = preSolution
		HideSolutionNode = FALSE
	EndGlobalSection
	GlobalSection(ExtensibilityGlobals) = postSolution
		SolutionGuid = {5C0559BC-9D70-48A0-9296-3BEDDED34ACB}
	EndGlobalSection
EndGlobal
